
Microsoft Visual Studio Solution File, Format Version 12.00
# Visual Studio Version 16
VisualStudioVersion = 16.0.29609.76
MinimumVisualStudioVersion = 10.0.40219.1
Project("{FAE04EC0-301F-11D3-BF4B-00C04F79EFBC}") = "BatailleNavale", "BatailleNavale\BatailleNavale.csproj", "{A4C41101-4FCF-4452-A6C4-070FC03E09A2}"
EndProject
Project("{FAE04EC0-301F-11D3-BF4B-00C04F79EFBC}") = "ModeleBatailleNavale", "ModeleBatailleNavale\ModeleBatailleNavale.csproj", "{148C568F-0203-4599-BC9C-88DD507E7115}"
EndProject
Global
	GlobalSection(SolutionConfigurationPlatforms) = preSolution
		Debug|Any CPU = Debug|Any CPU
		Release|Any CPU = Release|Any CPU
	EndGlobalSection
	GlobalSection(ProjectConfigurationPlatforms) = postSolution
		{A4C41101-4FCF-4452-A6C4-070FC03E09A2}.Debug|Any CPU.ActiveCfg = Debug|Any CPU
		{A4C41101-4FCF-4452-A6C4-070FC03E09A2}.Debug|Any CPU.Build.0 = Debug|Any CPU
		{A4C41101-4FCF-4452-A6C4-070FC03E09A2}.Release|Any CPU.ActiveCfg = Release|Any CPU
		{A4C41101-4FCF-4452-A6C4-070FC03E09A2}.Release|Any CPU.Build.0 = Release|Any CPU
		{148C568F-0203-4599-BC9C-88DD507E7115}.Debug|Any CPU.ActiveCfg = Debug|Any CPU
		{148C568F-0203-4599-BC9C-88DD507E7115}.Debug|Any CPU.Build.0 = Debug|Any CPU
		{148C568F-0203-4599-BC9C-88DD507E7115}.Release|Any CPU.ActiveCfg = Release|Any CPU
		{148C568F-0203-4599-BC9C-88DD507E7115}.Release|Any CPU.Build.0 = Release|Any CPU
	EndGlobalSection
	GlobalSection(SolutionProperties) = preSolution
		HideSolutionNode = FALSE
	EndGlobalSection
	GlobalSection(ExtensibilityGlobals) = postSolution
		SolutionGuid = {FB40D2C5-3ABB-4E70-9D98-9E61E26E8B0C}
	EndGlobalSection
EndGlobal
